
Microsoft Visual Studio Solution File, Format Version 12.00
# Visual Studio 15
VisualStudioVersion = 15.0.28010.2041
MinimumVisualStudioVersion = 10.0.40219.1
Project("{8BC9CEB8-8B4A-11D0-8D11-00A0C91BC942}") = "Project4", "Project4\Project4.vcxproj", "{F91EA421-E673-45DC-AED9-574D823E1BEE}"
EndProject
Global
	GlobalSection(SolutionConfigurationPlatforms) = preSolution
		Debug|x64 = Debug|x64
		Debug|x86 = Debug|x86
		Release|x64 = Release|x64
		Release|x86 = Release|x86
	EndGlobalSection
	GlobalSection(ProjectConfigurationPlatforms) = postSolution
		{F91EA421-E673-45DC-AED9-574D823E1BEE}.Debug|x64.ActiveCfg = Debug|x64
		{F91EA421-E673-45DC-AED9-574D823E1BEE}.Debug|x64.Build.0 = Debug|x64
		{F91EA421-E673-45DC-AED9-574D823E1BEE}.Debug|x86.ActiveCfg = Debug|Win32
		{F91EA421-E673-45DC-AED9-574D823E1BEE}.Debug|x86.Build.0 = Debug|Win32
		{F91EA421-E673-45DC-AED9-574D823E1BEE}.Release|x64.ActiveCfg = Release|x64
		{F91EA421-E673-45DC-AED9-574D823E1BEE}.Release|x64.Build.0 = Release|x64
		{F91EA421-E673-45DC-AED9-574D823E1BEE}.Release|x86.ActiveCfg = Release|Win32
		{F91EA421-E673-45DC-AED9-574D823E1BEE}.Release|x86.Build.0 = Release|Win32
	EndGlobalSection
	GlobalSection(SolutionProperties) = preSolution
		HideSolutionNode = FALSE
	EndGlobalSection
	GlobalSection(ExtensibilityGlobals) = postSolution
		SolutionGuid = {D4A16435-A072-4B19-BEE8-68FA5927D16F}
	EndGlobalSection
EndGlobal
